{
  "object": {
    "pins": [
      {
        "package": "BigInt",
        "repositoryURL": "https://github.com/crmitchelmore/BigInt.git",
        "state": {
          "branch": null,
          "revision": "8c2c05f6a2f059027b77d178f00f7b8fb1dbe2ad",
          "version": "3.0.0"
        }
      },
      {
        "package": "SipHash",
        "repositoryURL": "https://github.com/lorentey/SipHash",
        "state": {
          "branch": null,
          "revision": "c046b2aa5f8edc3e861bfefde5f1c58ef8c653b4",
          "version": "1.1.2"
        }
      }
    ]
  },
  "version": 1
}
